
Microsoft Visual Studio Solution File, Format Version 12.00
# Visual Studio Version 17
VisualStudioVersion = 17.7.34003.232
MinimumVisualStudioVersion = 10.0.40219.1
Project("{9A19103F-16F7-4668-BE54-9A1E7A4F7556}") = "InterfazConsola", "InterfazConsola\InterfazConsola.csproj", "{A5265D77-0695-4EC5-AE77-5CF29680E5E2}"
EndProject
Project("{9A19103F-16F7-4668-BE54-9A1E7A4F7556}") = "Dominio", "Dominio\Dominio.csproj", "{1622D646-489C-4250-A371-101029768294}"
EndProject
Project("{FAE04EC0-301F-11D3-BF4B-00C04F79EFBC}") = "WebApp", "WebApp\WebApp.csproj", "{3CD753A0-BFF9-419C-82C5-6B3B3C6CB1FC}"
EndProject
Global
	GlobalSection(SolutionConfigurationPlatforms) = preSolution
		Debug|Any CPU = Debug|Any CPU
		Release|Any CPU = Release|Any CPU
	EndGlobalSection
	GlobalSection(ProjectConfigurationPlatforms) = postSolution
		{A5265D77-0695-4EC5-AE77-5CF29680E5E2}.Debug|Any CPU.ActiveCfg = Debug|Any CPU
		{A5265D77-0695-4EC5-AE77-5CF29680E5E2}.Debug|Any CPU.Build.0 = Debug|Any CPU
		{A5265D77-0695-4EC5-AE77-5CF29680E5E2}.Release|Any CPU.ActiveCfg = Release|Any CPU
		{A5265D77-0695-4EC5-AE77-5CF29680E5E2}.Release|Any CPU.Build.0 = Release|Any CPU
		{1622D646-489C-4250-A371-101029768294}.Debug|Any CPU.ActiveCfg = Debug|Any CPU
		{1622D646-489C-4250-A371-101029768294}.Debug|Any CPU.Build.0 = Debug|Any CPU
		{1622D646-489C-4250-A371-101029768294}.Release|Any CPU.ActiveCfg = Release|Any CPU
		{1622D646-489C-4250-A371-101029768294}.Release|Any CPU.Build.0 = Release|Any CPU
		{3CD753A0-BFF9-419C-82C5-6B3B3C6CB1FC}.Debug|Any CPU.ActiveCfg = Debug|Any CPU
		{3CD753A0-BFF9-419C-82C5-6B3B3C6CB1FC}.Debug|Any CPU.Build.0 = Debug|Any CPU
		{3CD753A0-BFF9-419C-82C5-6B3B3C6CB1FC}.Release|Any CPU.ActiveCfg = Release|Any CPU
		{3CD753A0-BFF9-419C-82C5-6B3B3C6CB1FC}.Release|Any CPU.Build.0 = Release|Any CPU
	EndGlobalSection
	GlobalSection(SolutionProperties) = preSolution
		HideSolutionNode = FALSE
	EndGlobalSection
	GlobalSection(ExtensibilityGlobals) = postSolution
		SolutionGuid = {6FDD393F-638D-41DF-9CE7-BB57FD688E1E}
	EndGlobalSection
EndGlobal
